
Microsoft Visual Studio Solution File, Format Version 12.00
# Visual Studio Version 17
VisualStudioVersion = 17.13.35818.85 d17.13
MinimumVisualStudioVersion = 10.0.40219.1
Project("{FAE04EC0-301F-11D3-BF4B-00C04F79EFBC}") = "DemoBootcamp", "DemoBootcamp\DemoBootcamp.csproj", "{210E54D7-69A1-41E3-9512-9FC46D113F97}"
EndProject
Global
	GlobalSection(SolutionConfigurationPlatforms) = preSolution
		Debug|Any CPU = Debug|Any CPU
		Release|Any CPU = Release|Any CPU
	EndGlobalSection
	GlobalSection(ProjectConfigurationPlatforms) = postSolution
		{210E54D7-69A1-41E3-9512-9FC46D113F97}.Debug|Any CPU.ActiveCfg = Debug|Any CPU
		{210E54D7-69A1-41E3-9512-9FC46D113F97}.Debug|Any CPU.Build.0 = Debug|Any CPU
		{210E54D7-69A1-41E3-9512-9FC46D113F97}.Release|Any CPU.ActiveCfg = Release|Any CPU
		{210E54D7-69A1-41E3-9512-9FC46D113F97}.Release|Any CPU.Build.0 = Release|Any CPU
	EndGlobalSection
	GlobalSection(SolutionProperties) = preSolution
		HideSolutionNode = FALSE
	EndGlobalSection
	GlobalSection(ExtensibilityGlobals) = postSolution
		SolutionGuid = {65E6F45C-54BD-4A50-8D84-0E478F359103}
	EndGlobalSection
EndGlobal
